
Microsoft Visual Studio Solution File, Format Version 12.00
# Visual Studio 2012
Project("{FAE04EC0-301F-11D3-BF4B-00C04F79EFBC}") = "Inventory", "inventory\Inventory.csproj", "{E1A72157-909A-4A9B-9141-2CCF03D4DE46}"
EndProject
Project("{FAE04EC0-301F-11D3-BF4B-00C04F79EFBC}") = "DataLayer", "Layers\DataLayer\DataLayer.csproj", "{B2C4B5AE-3B42-4660-A355-F81F9822A165}"
EndProject
Project("{FAE04EC0-301F-11D3-BF4B-00C04F79EFBC}") = "BusinessLayer", "Layers\BusinessLayer\BusinessLayer.csproj", "{73ABF4D1-33E4-4048-9F8B-92E0832D1B12}"
EndProject
Project("{FAE04EC0-301F-11D3-BF4B-00C04F79EFBC}") = "EntityLayer", "Layers\EntityLayer\EntityLayer.csproj", "{4C03ECB7-BDB4-4F43-8167-2873EB513071}"
EndProject
Global
	GlobalSection(SolutionConfigurationPlatforms) = preSolution
		Debug|Any CPU = Debug|Any CPU
		Release|Any CPU = Release|Any CPU
	EndGlobalSection
	GlobalSection(ProjectConfigurationPlatforms) = postSolution
		{E1A72157-909A-4A9B-9141-2CCF03D4DE46}.Debug|Any CPU.ActiveCfg = Debug|Any CPU
		{E1A72157-909A-4A9B-9141-2CCF03D4DE46}.Debug|Any CPU.Build.0 = Debug|Any CPU
		{E1A72157-909A-4A9B-9141-2CCF03D4DE46}.Release|Any CPU.ActiveCfg = Release|Any CPU
		{E1A72157-909A-4A9B-9141-2CCF03D4DE46}.Release|Any CPU.Build.0 = Release|Any CPU
		{B2C4B5AE-3B42-4660-A355-F81F9822A165}.Debug|Any CPU.ActiveCfg = Debug|Any CPU
		{B2C4B5AE-3B42-4660-A355-F81F9822A165}.Debug|Any CPU.Build.0 = Debug|Any CPU
		{B2C4B5AE-3B42-4660-A355-F81F9822A165}.Release|Any CPU.ActiveCfg = Release|Any CPU
		{B2C4B5AE-3B42-4660-A355-F81F9822A165}.Release|Any CPU.Build.0 = Release|Any CPU
		{73ABF4D1-33E4-4048-9F8B-92E0832D1B12}.Debug|Any CPU.ActiveCfg = Debug|Any CPU
		{73ABF4D1-33E4-4048-9F8B-92E0832D1B12}.Debug|Any CPU.Build.0 = Debug|Any CPU
		{73ABF4D1-33E4-4048-9F8B-92E0832D1B12}.Release|Any CPU.ActiveCfg = Release|Any CPU
		{73ABF4D1-33E4-4048-9F8B-92E0832D1B12}.Release|Any CPU.Build.0 = Release|Any CPU
		{4C03ECB7-BDB4-4F43-8167-2873EB513071}.Debug|Any CPU.ActiveCfg = Debug|Any CPU
		{4C03ECB7-BDB4-4F43-8167-2873EB513071}.Debug|Any CPU.Build.0 = Debug|Any CPU
		{4C03ECB7-BDB4-4F43-8167-2873EB513071}.Release|Any CPU.ActiveCfg = Release|Any CPU
		{4C03ECB7-BDB4-4F43-8167-2873EB513071}.Release|Any CPU.Build.0 = Release|Any CPU
	EndGlobalSection
	GlobalSection(SolutionProperties) = preSolution
		HideSolutionNode = FALSE
	EndGlobalSection
EndGlobal
